{
  "originHash" : "16dc3bd3d4ccd17ce167e34c331f7710bd7ba842e3cb88bd695adb6f24704ef8",
  "pins" : [
    {
      "identity" : "apollo-ios",
      "kind" : "remoteSourceControl",
      "location" : "https://github.com/apollographql/apollo-ios.git",
      "state" : {
        "revision" : "0d2c0dec44dab10a2c4e51f4114eb00d08294cd1",
        "version" : "2.0.3"
      }
    },
    {
      "identity" : "keychainaccess?utm_source=chatgpt.com",
      "kind" : "remoteSourceControl",
      "location" : "https://github.com/kishikawakatsumi/KeychainAccess?utm_source=chatgpt.com",
      "state" : {
        "branch" : "master",
        "revision" : "e0c7eebc5a4465a3c4680764f26b7a61f567cdaf"
      }
    },
    {
      "identity" : "swift-log",
      "kind" : "remoteSourceControl",
      "location" : "https://github.com/apple/swift-log",
      "state" : {
        "revision" : "ce592ae52f982c847a4efc0dd881cc9eb32d29f2",
        "version" : "1.6.4"
      }
    }
  ],
  "version" : 3
}
