// !$*UTF8*$!
{
	archiveVersion = 1;
	classes = {
	};
	objectVersion = 77;
	objects = {

/* Begin PBXBuildFile section */
		0EA2E08D6DF4CEE5D86DD941 /* BudgetView.swift in Sources */ = {isa = PBXBuildFile; fileRef = 6EE9E9E80BA11B2BEDB461B0 /* BudgetView.swift */; };
		126D92990F9953A23829C25F /* SettingsPageView.swift in Sources */ = {isa = PBXBuildFile; fileRef = 6E983F39B992738E0080E234 /* SettingsPageView.swift */; };
		19149232841685411B43FC92 /* SettingsPageViewModel.swift in Sources */ = {isa = PBXBuildFile; fileRef = 7FCAE6F960A1E478477CD517 /* SettingsPageViewModel.swift */; };
		1930EFC12ECD58AC001F1964 /* KeychainAccess in Frameworks */ = {isa = PBXBuildFile; productRef = 1930EFC02ECD58AC001F1964 /* KeychainAccess */; };
		195F71442ECC08D400B8D6AD /* Debug.xcconfig in Resources */ = {isa = PBXBuildFile; fileRef = 195F71432ECC08D400B8D6AD /* Debug.xcconfig */; };
		195F71462ECC08E800B8D6AD /* Release.xcconfig in Resources */ = {isa = PBXBuildFile; fileRef = 195F71452ECC08E800B8D6AD /* Release.xcconfig */; };
		197F98362EAF020D0091C276 /* Apollo in Frameworks */ = {isa = PBXBuildFile; productRef = 197F98352EAF020D0091C276 /* Apollo */; };
		19DEC5582ECEB3ED00C8E13F /* Logging in Frameworks */ = {isa = PBXBuildFile; productRef = 19DEC5572ECEB3ED00C8E13F /* Logging */; };
		19DEC69B2ECFDA1B00C8E13F /* OpenAPIRuntime in Frameworks */ = {isa = PBXBuildFile; productRef = 19DEC69A2ECFDA1B00C8E13F /* OpenAPIRuntime */; };
		19DEC69D2ECFDA2700C8E13F /* OpenAPIURLSession in Frameworks */ = {isa = PBXBuildFile; productRef = 19DEC69C2ECFDA2700C8E13F /* OpenAPIURLSession */; };
		360F0E103468A4F7653AD2F4 /* Budget.swift in Sources */ = {isa = PBXBuildFile; fileRef = EAA8760C42DD247CBA6D916C /* Budget.swift */; };
		514DE7DC61F1A710CCC868E8 /* DateToolBarModifier.swift in Sources */ = {isa = PBXBuildFile; fileRef = 535751530348B5C74579E052 /* DateToolBarModifier.swift */; };
		6AA9E23E999F013E55B70043 /* LoginView.swift in Sources */ = {isa = PBXBuildFile; fileRef = 38025D2232155360ABD12026 /* LoginView.swift */; };
		7AB75F0D889278F3E662B07B /* AuthorizationInterceptor.swift in Sources */ = {isa = PBXBuildFile; fileRef = BB47C76AE5E2392A6CBFA9C3 /* AuthorizationInterceptor.swift */; };
		8BF7346A1713EA6AFBCDA674 /* Network.swift in Sources */ = {isa = PBXBuildFile; fileRef = CD22AAA46A15E5EC90954C99 /* Network.swift */; };
		92374D96CA7E27EF221108DF /* LoginViewModel.swift in Sources */ = {isa = PBXBuildFile; fileRef = 937A18931F58DE4DD23B56A7 /* LoginViewModel.swift */; };
		958EB34163AEA2D5BB3059AD /* BudgetViewModel.swift in Sources */ = {isa = PBXBuildFile; fileRef = 1FB26C99858F2B5DA45617A4 /* BudgetViewModel.swift */; };
		99474AE363329290FB7DB107 /* Utils.swift in Sources */ = {isa = PBXBuildFile; fileRef = B351D1241F8AE91914D62BCA /* Utils.swift */; };
		A55568107A9E803DDF1FC142 /* Config.swift in Sources */ = {isa = PBXBuildFile; fileRef = 81B0641ACC12E1F09CE2DD9A /* Config.swift */; };
		B48FBEFC2EAEC15DE267143D /* NetworkInterseptorProvider.swift in Sources */ = {isa = PBXBuildFile; fileRef = CAA69EE2527BC9F123CBA36E /* NetworkInterseptorProvider.swift */; };
		C31B071A75500BD4550C7DDB /* Backend+Extension.swift in Sources */ = {isa = PBXBuildFile; fileRef = E83D6EEC6DEE12ED172EAEFA /* Backend+Extension.swift */; };
		C5FD60BFCB3FC6144C7FC4AC /* BudgetConfig.swift in Sources */ = {isa = PBXBuildFile; fileRef = 9056A8374ADFF3222C4E11BD /* BudgetConfig.swift */; };
		C9E6DF7E5116BD0CE28D6AA2 /* HttpClient.swift in Sources */ = {isa = PBXBuildFile; fileRef = 253FE113C4CC46915FF3FF3B /* HttpClient.swift */; };
		CBE4B0B85853552EBBDE15D8 /* Apollo+Setup.swift in Sources */ = {isa = PBXBuildFile; fileRef = DCEF3045261A0EECEC9B86E4 /* Apollo+Setup.swift */; };
		D26D99F953548C0E0A9282DB /* openapi-generator-config.yml in Sources */ = {isa = PBXBuildFile; fileRef = 4C5DF3C92CAA279A30B30F4B /* openapi-generator-config.yml */; };
		DC3BBE69BA3D98436EAD74A7 /* AuthManager.swift in Sources */ = {isa = PBXBuildFile; fileRef = E934CC52D4D72E742184A072 /* AuthManager.swift */; };
		EC191C2EF81459E3CDA64BD7 /* KeyboardDismissModifier.swift in Sources */ = {isa = PBXBuildFile; fileRef = D6D6E7D413529A577B802B75 /* KeyboardDismissModifier.swift */; };
		F0EA868830497EA97541DA41 /* MainTabView.swift in Sources */ = {isa = PBXBuildFile; fileRef = A93AA395652C56CD396DF75F /* MainTabView.swift */; };
		F611F8890C12370A8B906DCE /* Staging.xcconfig in Sources */ = {isa = PBXBuildFile; fileRef = 5F879C8E33BFC440A0CE2EF7 /* Staging.xcconfig */; };
/* End PBXBuildFile section */

/* Begin PBXContainerItemProxy section */
		19EFA7802EAE7ACA000B2CD3 /* PBXContainerItemProxy */ = {
			isa = PBXContainerItemProxy;
			containerPortal = 19EFA7682EAE7AC9000B2CD3 /* Project object */;
			proxyType = 1;
			remoteGlobalIDString = 19EFA76F2EAE7AC9000B2CD3;
			remoteInfo = BudgetApp;
		};
		19EFA78A2EAE7ACA000B2CD3 /* PBXContainerItemProxy */ = {
			isa = PBXContainerItemProxy;
			containerPortal = 19EFA7682EAE7AC9000B2CD3 /* Project object */;
			proxyType = 1;
			remoteGlobalIDString = 19EFA76F2EAE7AC9000B2CD3;
			remoteInfo = BudgetApp;
		};
/* End PBXContainerItemProxy section */

/* Begin PBXFileReference section */
		195F71432ECC08D400B8D6AD /* Debug.xcconfig */ = {isa = PBXFileReference; lastKnownFileType = text.xcconfig; path = Debug.xcconfig; sourceTree = "<group>"; };
		195F71452ECC08E800B8D6AD /* Release.xcconfig */ = {isa = PBXFileReference; lastKnownFileType = text.xcconfig; path = Release.xcconfig; sourceTree = "<group>"; };
		19EFA7702EAE7AC9000B2CD3 /* BudgetApp.app */ = {isa = PBXFileReference; explicitFileType = wrapper.application; includeInIndex = 0; path = BudgetApp.app; sourceTree = BUILT_PRODUCTS_DIR; };
		19EFA77F2EAE7ACA000B2CD3 /* BudgetAppTests.xctest */ = {isa = PBXFileReference; explicitFileType = wrapper.cfbundle; includeInIndex = 0; path = BudgetAppTests.xctest; sourceTree = BUILT_PRODUCTS_DIR; };
		19EFA7892EAE7ACA000B2CD3 /* BudgetAppUITests.xctest */ = {isa = PBXFileReference; explicitFileType = wrapper.cfbundle; includeInIndex = 0; path = BudgetAppUITests.xctest; sourceTree = BUILT_PRODUCTS_DIR; };
		1FB26C99858F2B5DA45617A4 /* BudgetViewModel.swift */ = {isa = PBXFileReference; includeInIndex = 1; lastKnownFileType = sourcecode.swift; path = BudgetViewModel.swift; sourceTree = "<group>"; };
		253FE113C4CC46915FF3FF3B /* HttpClient.swift */ = {isa = PBXFileReference; explicitFileType = sourcecode.swift; path = HttpClient.swift; sourceTree = "<group>"; };
		38025D2232155360ABD12026 /* LoginView.swift */ = {isa = PBXFileReference; explicitFileType = sourcecode.swift; path = LoginView.swift; sourceTree = "<group>"; };
		4C5DF3C92CAA279A30B30F4B /* openapi-generator-config.yml */ = {isa = PBXFileReference; explicitFileType = text.yaml; path = "openapi-generator-config.yml"; sourceTree = "<group>"; };
		535751530348B5C74579E052 /* DateToolBarModifier.swift */ = {isa = PBXFileReference; explicitFileType = sourcecode.swift; path = DateToolBarModifier.swift; sourceTree = "<group>"; };
		5F879C8E33BFC440A0CE2EF7 /* Staging.xcconfig */ = {isa = PBXFileReference; explicitFileType = text.xcconfig; path = Staging.xcconfig; sourceTree = "<group>"; };
		6E983F39B992738E0080E234 /* SettingsPageView.swift */ = {isa = PBXFileReference; explicitFileType = sourcecode.swift; path = SettingsPageView.swift; sourceTree = "<group>"; };
		6EE9E9E80BA11B2BEDB461B0 /* BudgetView.swift */ = {isa = PBXFileReference; explicitFileType = sourcecode.swift; path = BudgetView.swift; sourceTree = "<group>"; };
		7FCAE6F960A1E478477CD517 /* SettingsPageViewModel.swift */ = {isa = PBXFileReference; explicitFileType = sourcecode.swift; path = SettingsPageViewModel.swift; sourceTree = "<group>"; };
		81B0641ACC12E1F09CE2DD9A /* Config.swift */ = {isa = PBXFileReference; explicitFileType = sourcecode.swift; path = Config.swift; sourceTree = "<group>"; };
		9056A8374ADFF3222C4E11BD /* BudgetConfig.swift */ = {isa = PBXFileReference; explicitFileType = sourcecode.swift; path = BudgetConfig.swift; sourceTree = "<group>"; };
		937A18931F58DE4DD23B56A7 /* LoginViewModel.swift */ = {isa = PBXFileReference; explicitFileType = sourcecode.swift; path = LoginViewModel.swift; sourceTree = "<group>"; };
		A93AA395652C56CD396DF75F /* MainTabView.swift */ = {isa = PBXFileReference; explicitFileType = sourcecode.swift; path = MainTabView.swift; sourceTree = "<group>"; };
		B351D1241F8AE91914D62BCA /* Utils.swift */ = {isa = PBXFileReference; explicitFileType = sourcecode.swift; path = Utils.swift; sourceTree = "<group>"; };
		BB47C76AE5E2392A6CBFA9C3 /* AuthorizationInterceptor.swift */ = {isa = PBXFileReference; includeInIndex = 1; lastKnownFileType = sourcecode.swift; path = AuthorizationInterceptor.swift; sourceTree = "<group>"; };
		CAA69EE2527BC9F123CBA36E /* NetworkInterseptorProvider.swift */ = {isa = PBXFileReference; explicitFileType = sourcecode.swift; path = NetworkInterseptorProvider.swift; sourceTree = "<group>"; };
		CD22AAA46A15E5EC90954C99 /* Network.swift */ = {isa = PBXFileReference; includeInIndex = 1; lastKnownFileType = sourcecode.swift; path = Network.swift; sourceTree = "<group>"; };
		D6D6E7D413529A577B802B75 /* KeyboardDismissModifier.swift */ = {isa = PBXFileReference; explicitFileType = sourcecode.swift; path = KeyboardDismissModifier.swift; sourceTree = "<group>"; };
		DCEF3045261A0EECEC9B86E4 /* Apollo+Setup.swift */ = {isa = PBXFileReference; explicitFileType = sourcecode.swift; path = "Apollo+Setup.swift"; sourceTree = "<group>"; };
		E83D6EEC6DEE12ED172EAEFA /* Backend+Extension.swift */ = {isa = PBXFileReference; explicitFileType = sourcecode.swift; path = "Backend+Extension.swift"; sourceTree = "<group>"; };
		E934CC52D4D72E742184A072 /* AuthManager.swift */ = {isa = PBXFileReference; explicitFileType = sourcecode.swift; path = AuthManager.swift; sourceTree = "<group>"; };
		EAA8760C42DD247CBA6D916C /* Budget.swift */ = {isa = PBXFileReference; explicitFileType = sourcecode.swift; path = Budget.swift; sourceTree = "<group>"; };
/* End PBXFileReference section */

/* Begin PBXFileSystemSynchronizedBuildFileExceptionSet section */
		1908CE0C2EDBFBBF001913F0 /* Exceptions for "BudgetApp" folder in "BudgetApp" target */ = {
			isa = PBXFileSystemSynchronizedBuildFileExceptionSet;
			membershipExceptions = (
				Info.plist,
			);
			target = 19EFA76F2EAE7AC9000B2CD3 /* BudgetApp */;
		};
/* End PBXFileSystemSynchronizedBuildFileExceptionSet section */

/* Begin PBXFileSystemSynchronizedRootGroup section */
		19EFA7722EAE7AC9000B2CD3 /* BudgetApp */ = {
			isa = PBXFileSystemSynchronizedRootGroup;
			exceptions = (
				1908CE0C2EDBFBBF001913F0 /* Exceptions for "BudgetApp" folder in "BudgetApp" target */,
			);
			path = BudgetApp;
			sourceTree = "<group>";
		};
		19EFA7822EAE7ACA000B2CD3 /* BudgetAppTests */ = {
			isa = PBXFileSystemSynchronizedRootGroup;
			path = BudgetAppTests;
			sourceTree = "<group>";
		};
		19EFA78C2EAE7ACA000B2CD3 /* BudgetAppUITests */ = {
			isa = PBXFileSystemSynchronizedRootGroup;
			path = BudgetAppUITests;
			sourceTree = "<group>";
		};
/* End PBXFileSystemSynchronizedRootGroup section */

/* Begin PBXFrameworksBuildPhase section */
		19EFA76D2EAE7AC9000B2CD3 /* Frameworks */ = {
			isa = PBXFrameworksBuildPhase;
			buildActionMask = 2147483647;
			files = (
				19DEC5582ECEB3ED00C8E13F /* Logging in Frameworks */,
				1930EFC12ECD58AC001F1964 /* KeychainAccess in Frameworks */,
				19DEC69B2ECFDA1B00C8E13F /* OpenAPIRuntime in Frameworks */,
				19DEC69D2ECFDA2700C8E13F /* OpenAPIURLSession in Frameworks */,
				197F98362EAF020D0091C276 /* Apollo in Frameworks */,
			);
			runOnlyForDeploymentPostprocessing = 0;
		};
		19EFA77C2EAE7ACA000B2CD3 /* Frameworks */ = {
			isa = PBXFrameworksBuildPhase;
			buildActionMask = 2147483647;
			files = (
			);
			runOnlyForDeploymentPostprocessing = 0;
		};
		19EFA7862EAE7ACA000B2CD3 /* Frameworks */ = {
			isa = PBXFrameworksBuildPhase;
			buildActionMask = 2147483647;
			files = (
			);
			runOnlyForDeploymentPostprocessing = 0;
		};
/* End PBXFrameworksBuildPhase section */

/* Begin PBXGroup section */
		19EFA7672EAE7AC9000B2CD3 = {
			isa = PBXGroup;
			children = (
				195F71432ECC08D400B8D6AD /* Debug.xcconfig */,
				195F71452ECC08E800B8D6AD /* Release.xcconfig */,
				19EFA7722EAE7AC9000B2CD3 /* BudgetApp */,
				19EFA7822EAE7ACA000B2CD3 /* BudgetAppTests */,
				19EFA78C2EAE7ACA000B2CD3 /* BudgetAppUITests */,
				19EFA7712EAE7AC9000B2CD3 /* Products */,
				E7B3E1F17E00FB7963AA3BF8 /* BudgetApp */,
			);
			sourceTree = "<group>";
		};
		19EFA7712EAE7AC9000B2CD3 /* Products */ = {
			isa = PBXGroup;
			children = (
				19EFA7702EAE7AC9000B2CD3 /* BudgetApp.app */,
				19EFA77F2EAE7ACA000B2CD3 /* BudgetAppTests.xctest */,
				19EFA7892EAE7ACA000B2CD3 /* BudgetAppUITests.xctest */,
				79F0D503E4F3FF2DC2962D46 /* BudgetApp */,
				4C5DF3C92CAA279A30B30F4B /* openapi-generator-config.yml */,
				5F879C8E33BFC440A0CE2EF7 /* Staging.xcconfig */,
			);
			name = Products;
			sourceTree = "<group>";
		};
		23B9B67157E8488E67890986 /* ViewModel */ = {
			isa = PBXGroup;
			children = (
				1FB26C99858F2B5DA45617A4 /* BudgetViewModel.swift */,
				937A18931F58DE4DD23B56A7 /* LoginViewModel.swift */,
				E934CC52D4D72E742184A072 /* AuthManager.swift */,
				253FE113C4CC46915FF3FF3B /* HttpClient.swift */,
				7FCAE6F960A1E478477CD517 /* SettingsPageViewModel.swift */,
			);
			path = ViewModel;
			sourceTree = "<group>";
		};
		31225642AE733E1487EF229B /* Views */ = {
			isa = PBXGroup;
			children = (
				38025D2232155360ABD12026 /* LoginView.swift */,
				A93AA395652C56CD396DF75F /* MainTabView.swift */,
				6E983F39B992738E0080E234 /* SettingsPageView.swift */,
				535751530348B5C74579E052 /* DateToolBarModifier.swift */,
				6EE9E9E80BA11B2BEDB461B0 /* BudgetView.swift */,
				D6D6E7D413529A577B802B75 /* KeyboardDismissModifier.swift */,
			);
			path = Views;
			sourceTree = "<group>";
		};
		57A8570849BB2158A7B5E29D /* Configuration */ = {
			isa = PBXGroup;
			children = (
			);
			path = Configuration;
			sourceTree = "<group>";
		};
		79F0D503E4F3FF2DC2962D46 /* BudgetApp */ = {
			isa = PBXGroup;
			children = (
				BF1FBAFE104FF46D4AEC51D4 /* Network */,
				23B9B67157E8488E67890986 /* ViewModel */,
				31225642AE733E1487EF229B /* Views */,
				81B0641ACC12E1F09CE2DD9A /* Config.swift */,
				B351D1241F8AE91914D62BCA /* Utils.swift */,
			);
			path = BudgetApp;
			sourceTree = "<group>";
		};
		BF1FBAFE104FF46D4AEC51D4 /* Network */ = {
			isa = PBXGroup;
			children = (
				CD22AAA46A15E5EC90954C99 /* Network.swift */,
				BB47C76AE5E2392A6CBFA9C3 /* AuthorizationInterceptor.swift */,
				DCEF3045261A0EECEC9B86E4 /* Apollo+Setup.swift */,
				CAA69EE2527BC9F123CBA36E /* NetworkInterseptorProvider.swift */,
			);
			path = Network;
			sourceTree = "<group>";
		};
		D31B19D7184324AADAF8A8F2 /* Models */ = {
			isa = PBXGroup;
			children = (
				EAA8760C42DD247CBA6D916C /* Budget.swift */,
				9056A8374ADFF3222C4E11BD /* BudgetConfig.swift */,
			);
			path = Models;
			sourceTree = "<group>";
		};
		E7B3E1F17E00FB7963AA3BF8 /* BudgetApp */ = {
			isa = PBXGroup;
			children = (
				57A8570849BB2158A7B5E29D /* Configuration */,
				FCB692BB6D4F6274FC8F73B6 /* Schema */,
				D31B19D7184324AADAF8A8F2 /* Models */,
			);
			path = BudgetApp;
			sourceTree = "<group>";
		};
		FCB692BB6D4F6274FC8F73B6 /* Schema */ = {
			isa = PBXGroup;
			children = (
				E83D6EEC6DEE12ED172EAEFA /* Backend+Extension.swift */,
			);
			path = Schema;
			sourceTree = "<group>";
		};
/* End PBXGroup section */

/* Begin PBXNativeTarget section */
		19EFA76F2EAE7AC9000B2CD3 /* BudgetApp */ = {
			isa = PBXNativeTarget;
			buildConfigurationList = 19EFA7932EAE7ACA000B2CD3 /* Build configuration list for PBXNativeTarget "BudgetApp" */;
			buildPhases = (
				19EFA76C2EAE7AC9000B2CD3 /* Sources */,
				19EFA76D2EAE7AC9000B2CD3 /* Frameworks */,
				19EFA76E2EAE7AC9000B2CD3 /* Resources */,
			);
			buildRules = (
			);
			dependencies = (
				19DEC69F2ECFDAAA00C8E13F /* PBXTargetDependency */,
			);
			fileSystemSynchronizedGroups = (
				19EFA7722EAE7AC9000B2CD3 /* BudgetApp */,
			);
			name = BudgetApp;
			packageProductDependencies = (
				197F98352EAF020D0091C276 /* Apollo */,
				1930EFC02ECD58AC001F1964 /* KeychainAccess */,
				19DEC5572ECEB3ED00C8E13F /* Logging */,
				19DEC69A2ECFDA1B00C8E13F /* OpenAPIRuntime */,
				19DEC69C2ECFDA2700C8E13F /* OpenAPIURLSession */,
			);
			productName = BudgetApp;
			productReference = 19EFA7702EAE7AC9000B2CD3 /* BudgetApp.app */;
			productType = "com.apple.product-type.application";
		};
		19EFA77E2EAE7ACA000B2CD3 /* BudgetAppTests */ = {
			isa = PBXNativeTarget;
			buildConfigurationList = 19EFA7962EAE7ACA000B2CD3 /* Build configuration list for PBXNativeTarget "BudgetAppTests" */;
			buildPhases = (
				19EFA77B2EAE7ACA000B2CD3 /* Sources */,
				19EFA77C2EAE7ACA000B2CD3 /* Frameworks */,
				19EFA77D2EAE7ACA000B2CD3 /* Resources */,
			);
			buildRules = (
			);
			dependencies = (
				19EFA7812EAE7ACA000B2CD3 /* PBXTargetDependency */,
			);
			fileSystemSynchronizedGroups = (
				19EFA7822EAE7ACA000B2CD3 /* BudgetAppTests */,
			);
			name = BudgetAppTests;
			productName = BudgetAppTests;
			productReference = 19EFA77F2EAE7ACA000B2CD3 /* BudgetAppTests.xctest */;
			productType = "com.apple.product-type.bundle.unit-test";
		};
		19EFA7882EAE7ACA000B2CD3 /* BudgetAppUITests */ = {
			isa = PBXNativeTarget;
			buildConfigurationList = 19EFA7992EAE7ACA000B2CD3 /* Build configuration list for PBXNativeTarget "BudgetAppUITests" */;
			buildPhases = (
				19EFA7852EAE7ACA000B2CD3 /* Sources */,
				19EFA7862EAE7ACA000B2CD3 /* Frameworks */,
				19EFA7872EAE7ACA000B2CD3 /* Resources */,
			);
			buildRules = (
			);
			dependencies = (
				19EFA78B2EAE7ACA000B2CD3 /* PBXTargetDependency */,
			);
			fileSystemSynchronizedGroups = (
				19EFA78C2EAE7ACA000B2CD3 /* BudgetAppUITests */,
			);
			name = BudgetAppUITests;
			productName = BudgetAppUITests;
			productReference = 19EFA7892EAE7ACA000B2CD3 /* BudgetAppUITests.xctest */;
			productType = "com.apple.product-type.bundle.ui-testing";
		};
/* End PBXNativeTarget section */

/* Begin PBXProject section */
		19EFA7682EAE7AC9000B2CD3 /* Project object */ = {
			isa = PBXProject;
			attributes = {
				BuildIndependentTargetsInParallel = 1;
				LastSwiftUpdateCheck = 2600;
				LastUpgradeCheck = 2600;
				TargetAttributes = {
					19EFA76F2EAE7AC9000B2CD3 = {
						CreatedOnToolsVersion = 26.0.1;
					};
					19EFA77E2EAE7ACA000B2CD3 = {
						CreatedOnToolsVersion = 26.0.1;
						TestTargetID = 19EFA76F2EAE7AC9000B2CD3;
					};
					19EFA7882EAE7ACA000B2CD3 = {
						CreatedOnToolsVersion = 26.0.1;
						TestTargetID = 19EFA76F2EAE7AC9000B2CD3;
					};
				};
			};
			buildConfigurationList = 19EFA76B2EAE7AC9000B2CD3 /* Build configuration list for PBXProject "BudgetApp" */;
			developmentRegion = en;
			hasScannedForEncodings = 0;
			knownRegions = (
				en,
				Base,
			);
			mainGroup = 19EFA7672EAE7AC9000B2CD3;
			minimizedProjectReferenceProxies = 1;
			packageReferences = (
				197F98342EAF020D0091C276 /* XCRemoteSwiftPackageReference "apollo-ios" */,
				1930EFBF2ECD58AC001F1964 /* XCRemoteSwiftPackageReference "KeychainAccess" */,
				19DEC5562ECEB3ED00C8E13F /* XCRemoteSwiftPackageReference "swift-log" */,
				19DEC6972ECFD90A00C8E13F /* XCRemoteSwiftPackageReference "swift-openapi-generator" */,
				19DEC6982ECFD97B00C8E13F /* XCRemoteSwiftPackageReference "swift-openapi-runtime" */,
				19DEC6992ECFD9BE00C8E13F /* XCRemoteSwiftPackageReference "swift-openapi-urlsession" */,
			);
			preferredProjectObjectVersion = 77;
			productRefGroup = 19EFA7712EAE7AC9000B2CD3 /* Products */;
			projectDirPath = "";
			projectRoot = "";
			targets = (
				19EFA76F2EAE7AC9000B2CD3 /* BudgetApp */,
				19EFA77E2EAE7ACA000B2CD3 /* BudgetAppTests */,
				19EFA7882EAE7ACA000B2CD3 /* BudgetAppUITests */,
			);
		};
/* End PBXProject section */

/* Begin PBXResourcesBuildPhase section */
		19EFA76E2EAE7AC9000B2CD3 /* Resources */ = {
			isa = PBXResourcesBuildPhase;
			buildActionMask = 2147483647;
			files = (
				195F71442ECC08D400B8D6AD /* Debug.xcconfig in Resources */,
				195F71462ECC08E800B8D6AD /* Release.xcconfig in Resources */,
			);
			runOnlyForDeploymentPostprocessing = 0;
		};
		19EFA77D2EAE7ACA000B2CD3 /* Resources */ = {
			isa = PBXResourcesBuildPhase;
			buildActionMask = 2147483647;
			files = (
			);
			runOnlyForDeploymentPostprocessing = 0;
		};
		19EFA7872EAE7ACA000B2CD3 /* Resources */ = {
			isa = PBXResourcesBuildPhase;
			buildActionMask = 2147483647;
			files = (
			);
			runOnlyForDeploymentPostprocessing = 0;
		};
/* End PBXResourcesBuildPhase section */

/* Begin PBXSourcesBuildPhase section */
		19EFA76C2EAE7AC9000B2CD3 /* Sources */ = {
			isa = PBXSourcesBuildPhase;
			buildActionMask = 2147483647;
			files = (
				8BF7346A1713EA6AFBCDA674 /* Network.swift in Sources */,
				958EB34163AEA2D5BB3059AD /* BudgetViewModel.swift in Sources */,
				7AB75F0D889278F3E662B07B /* AuthorizationInterceptor.swift in Sources */,
				6AA9E23E999F013E55B70043 /* LoginView.swift in Sources */,
				92374D96CA7E27EF221108DF /* LoginViewModel.swift in Sources */,
				A55568107A9E803DDF1FC142 /* Config.swift in Sources */,
				DC3BBE69BA3D98436EAD74A7 /* AuthManager.swift in Sources */,
				CBE4B0B85853552EBBDE15D8 /* Apollo+Setup.swift in Sources */,
				B48FBEFC2EAEC15DE267143D /* NetworkInterseptorProvider.swift in Sources */,
				F0EA868830497EA97541DA41 /* MainTabView.swift in Sources */,
				D26D99F953548C0E0A9282DB /* openapi-generator-config.yml in Sources */,
				C9E6DF7E5116BD0CE28D6AA2 /* HttpClient.swift in Sources */,
				C31B071A75500BD4550C7DDB /* Backend+Extension.swift in Sources */,
				126D92990F9953A23829C25F /* SettingsPageView.swift in Sources */,
				19149232841685411B43FC92 /* SettingsPageViewModel.swift in Sources */,
				360F0E103468A4F7653AD2F4 /* Budget.swift in Sources */,
				C5FD60BFCB3FC6144C7FC4AC /* BudgetConfig.swift in Sources */,
				514DE7DC61F1A710CCC868E8 /* DateToolBarModifier.swift in Sources */,
				0EA2E08D6DF4CEE5D86DD941 /* BudgetView.swift in Sources */,
				99474AE363329290FB7DB107 /* Utils.swift in Sources */,
				F611F8890C12370A8B906DCE /* Staging.xcconfig in Sources */,
				EC191C2EF81459E3CDA64BD7 /* KeyboardDismissModifier.swift in Sources */,
			);
			runOnlyForDeploymentPostprocessing = 0;
		};
		19EFA77B2EAE7ACA000B2CD3 /* Sources */ = {
			isa = PBXSourcesBuildPhase;
			buildActionMask = 2147483647;
			files = (
			);
			runOnlyForDeploymentPostprocessing = 0;
		};
		19EFA7852EAE7ACA000B2CD3 /* Sources */ = {
			isa = PBXSourcesBuildPhase;
			buildActionMask = 2147483647;
			files = (
			);
			runOnlyForDeploymentPostprocessing = 0;
		};
/* End PBXSourcesBuildPhase section */

/* Begin PBXTargetDependency section */
		19DEC69F2ECFDAAA00C8E13F /* PBXTargetDependency */ = {
			isa = PBXTargetDependency;
			productRef = 19DEC69E2ECFDAAA00C8E13F /* OpenAPIGenerator */;
		};
		19EFA7812EAE7ACA000B2CD3 /* PBXTargetDependency */ = {
			isa = PBXTargetDependency;
			target = 19EFA76F2EAE7AC9000B2CD3 /* BudgetApp */;
			targetProxy = 19EFA7802EAE7ACA000B2CD3 /* PBXContainerItemProxy */;
		};
		19EFA78B2EAE7ACA000B2CD3 /* PBXTargetDependency */ = {
			isa = PBXTargetDependency;
			target = 19EFA76F2EAE7AC9000B2CD3 /* BudgetApp */;
			targetProxy = 19EFA78A2EAE7ACA000B2CD3 /* PBXContainerItemProxy */;
		};
/* End PBXTargetDependency section */

/* Begin XCBuildConfiguration section */
		1908CA572EDA93B8001913F0 /* Staging */ = {
			isa = XCBuildConfiguration;
			baseConfigurationReference = 5F879C8E33BFC440A0CE2EF7 /* Staging.xcconfig */;
			buildSettings = {
				ALWAYS_SEARCH_USER_PATHS = NO;
				ASSETCATALOG_COMPILER_GENERATE_SWIFT_ASSET_SYMBOL_EXTENSIONS = YES;
				CLANG_ANALYZER_NONNULL = YES;
				CLANG_ANALYZER_NUMBER_OBJECT_CONVERSION = YES_AGGRESSIVE;
				CLANG_CXX_LANGUAGE_STANDARD = "gnu++20";
				CLANG_ENABLE_MODULES = YES;
				CLANG_ENABLE_OBJC_ARC = YES;
				CLANG_ENABLE_OBJC_WEAK = YES;
				CLANG_WARN_BLOCK_CAPTURE_AUTORELEASING = YES;
				CLANG_WARN_BOOL_CONVERSION = YES;
				CLANG_WARN_COMMA = YES;
				CLANG_WARN_CONSTANT_CONVERSION = YES;
				CLANG_WARN_DEPRECATED_OBJC_IMPLEMENTATIONS = YES;
				CLANG_WARN_DIRECT_OBJC_ISA_USAGE = YES_ERROR;
				CLANG_WARN_DOCUMENTATION_COMMENTS = YES;
				CLANG_WARN_EMPTY_BODY = YES;
				CLANG_WARN_ENUM_CONVERSION = YES;
				CLANG_WARN_INFINITE_RECURSION = YES;
				CLANG_WARN_INT_CONVERSION = YES;
				CLANG_WARN_NON_LITERAL_NULL_CONVERSION = YES;
				CLANG_WARN_OBJC_IMPLICIT_RETAIN_SELF = YES;
				CLANG_WARN_OBJC_LITERAL_CONVERSION = YES;
				CLANG_WARN_OBJC_ROOT_CLASS = YES_ERROR;
				CLANG_WARN_QUOTED_INCLUDE_IN_FRAMEWORK_HEADER = YES;
				CLANG_WARN_RANGE_LOOP_ANALYSIS = YES;
				CLANG_WARN_STRICT_PROTOTYPES = YES;
				CLANG_WARN_SUSPICIOUS_MOVE = YES;
				CLANG_WARN_UNGUARDED_AVAILABILITY = YES_AGGRESSIVE;
				CLANG_WARN_UNREACHABLE_CODE = YES;
				CLANG_WARN__DUPLICATE_METHOD_MATCH = YES;
				COPY_PHASE_STRIP = NO;
				DEBUG_INFORMATION_FORMAT = dwarf;
				ENABLE_STRICT_OBJC_MSGSEND = YES;
				ENABLE_TESTABILITY = YES;
				ENABLE_USER_SCRIPT_SANDBOXING = YES;
				GCC_C_LANGUAGE_STANDARD = gnu17;
				GCC_DYNAMIC_NO_PIC = NO;
				GCC_NO_COMMON_BLOCKS = YES;
				GCC_OPTIMIZATION_LEVEL = 0;
				GCC_PREPROCESSOR_DEFINITIONS = (
					"DEBUG=1",
					"$(inherited)",
				);
				GCC_WARN_64_TO_32_BIT_CONVERSION = YES;
				GCC_WARN_ABOUT_RETURN_TYPE = YES_ERROR;
				GCC_WARN_UNDECLARED_SELECTOR = YES;
				GCC_WARN_UNINITIALIZED_AUTOS = YES_AGGRESSIVE;
				GCC_WARN_UNUSED_FUNCTION = YES;
				GCC_WARN_UNUSED_VARIABLE = YES;
				LOCALIZATION_PREFERS_STRING_CATALOGS = YES;
				MTL_ENABLE_DEBUG_INFO = INCLUDE_SOURCE;
				MTL_FAST_MATH = YES;
				ONLY_ACTIVE_ARCH = YES;
				SWIFT_ACTIVE_COMPILATION_CONDITIONS = "DEBUG $(inherited)";
				SWIFT_OPTIMIZATION_LEVEL = "-Onone";
			};
			name = Staging;
		};
		1908CA582EDA93B8001913F0 /* Staging */ = {
			isa = XCBuildConfiguration;
			buildSettings = {
				ASSETCATALOG_COMPILER_APPICON_NAME = AppIcon;
				ASSETCATALOG_COMPILER_GLOBAL_ACCENT_COLOR_NAME = AccentColor;
				CODE_SIGN_IDENTITY = "Apple Development";
				CODE_SIGN_STYLE = Automatic;
				CURRENT_PROJECT_VERSION = 1;
				DEVELOPMENT_TEAM = VW8ZPF8L9T;
				ENABLE_APP_SANDBOX = YES;
				ENABLE_PREVIEWS = YES;
				ENABLE_USER_SELECTED_FILES = readonly;
				GENERATE_INFOPLIST_FILE = YES;
				INFOPLIST_FILE = BudgetApp/Info.plist;
				"INFOPLIST_KEY_UIApplicationSceneManifest_Generation[sdk=iphoneos*]" = YES;
				"INFOPLIST_KEY_UIApplicationSceneManifest_Generation[sdk=iphonesimulator*]" = YES;
				"INFOPLIST_KEY_UIApplicationSupportsIndirectInputEvents[sdk=iphoneos*]" = YES;
				"INFOPLIST_KEY_UIApplicationSupportsIndirectInputEvents[sdk=iphonesimulator*]" = YES;
				"INFOPLIST_KEY_UILaunchScreen_Generation[sdk=iphoneos*]" = YES;
				"INFOPLIST_KEY_UILaunchScreen_Generation[sdk=iphonesimulator*]" = YES;
				"INFOPLIST_KEY_UIStatusBarStyle[sdk=iphoneos*]" = UIStatusBarStyleDefault;
				"INFOPLIST_KEY_UIStatusBarStyle[sdk=iphonesimulator*]" = UIStatusBarStyleDefault;
				INFOPLIST_KEY_UISupportedInterfaceOrientations_iPad = "UIInterfaceOrientationPortrait UIInterfaceOrientationPortraitUpsideDown UIInterfaceOrientationLandscapeLeft UIInterfaceOrientationLandscapeRight";
				INFOPLIST_KEY_UISupportedInterfaceOrientations_iPhone = "UIInterfaceOrientationPortrait UIInterfaceOrientationLandscapeLeft UIInterfaceOrientationLandscapeRight";
				IPHONEOS_DEPLOYMENT_TARGET = 26.0;
				LD_RUNPATH_SEARCH_PATHS = "@executable_path/Frameworks";
				"LD_RUNPATH_SEARCH_PATHS[sdk=macosx*]" = "@executable_path/../Frameworks";
				MACOSX_DEPLOYMENT_TARGET = 15.7;
				MARKETING_VERSION = 1.0;
				PRODUCT_BUNDLE_IDENTIFIER = com.shawnyu.BudgetApp;
				PRODUCT_NAME = "$(TARGET_NAME)";
				PROVISIONING_PROFILE_SPECIFIER = "";
				REGISTER_APP_GROUPS = YES;
				SDKROOT = auto;
				STRING_CATALOG_GENERATE_SYMBOLS = YES;
				SUPPORTED_PLATFORMS = "iphoneos iphonesimulator macosx xros xrsimulator";
				SWIFT_APPROACHABLE_CONCURRENCY = NO;
				SWIFT_DEFAULT_ACTOR_ISOLATION = nonisolated;
				SWIFT_EMIT_LOC_STRINGS = YES;
				SWIFT_UPCOMING_FEATURE_MEMBER_IMPORT_VISIBILITY = YES;
				SWIFT_VERSION = 5.0;
				TARGETED_DEVICE_FAMILY = "1,2,7";
				XROS_DEPLOYMENT_TARGET = 26.0;
			};
			name = Staging;
		};
		1908CA592EDA93B8001913F0 /* Staging */ = {
			isa = XCBuildConfiguration;
			buildSettings = {
				BUNDLE_LOADER = "$(TEST_HOST)";
				CODE_SIGN_STYLE = Automatic;
				CURRENT_PROJECT_VERSION = 1;
				GENERATE_INFOPLIST_FILE = YES;
				IPHONEOS_DEPLOYMENT_TARGET = 26.0;
				MACOSX_DEPLOYMENT_TARGET = 15.7;
				MARKETING_VERSION = 1.0;
				PRODUCT_BUNDLE_IDENTIFIER = com.shawnyu.BudgetAppTests;
				PRODUCT_NAME = "$(TARGET_NAME)";
				SDKROOT = auto;
				STRING_CATALOG_GENERATE_SYMBOLS = NO;
				SUPPORTED_PLATFORMS = "iphoneos iphonesimulator macosx xros xrsimulator";
				SWIFT_APPROACHABLE_CONCURRENCY = YES;
				SWIFT_EMIT_LOC_STRINGS = NO;
				SWIFT_UPCOMING_FEATURE_MEMBER_IMPORT_VISIBILITY = YES;
				SWIFT_VERSION = 5.0;
				TARGETED_DEVICE_FAMILY = "1,2,7";
				TEST_HOST = "$(BUILT_PRODUCTS_DIR)/BudgetApp.app/$(BUNDLE_EXECUTABLE_FOLDER_PATH)/BudgetApp";
				XROS_DEPLOYMENT_TARGET = 26.0;
			};
			name = Staging;
		};
		1908CA5A2EDA93B8001913F0 /* Staging */ = {
			isa = XCBuildConfiguration;
			buildSettings = {
				CODE_SIGN_STYLE = Automatic;
				CURRENT_PROJECT_VERSION = 1;
				GENERATE_INFOPLIST_FILE = YES;
				IPHONEOS_DEPLOYMENT_TARGET = 26.0;
				MACOSX_DEPLOYMENT_TARGET = 15.7;
				MARKETING_VERSION = 1.0;
				PRODUCT_BUNDLE_IDENTIFIER = com.shawnyu.BudgetAppUITests;
				PRODUCT_NAME = "$(TARGET_NAME)";
				SDKROOT = auto;
				STRING_CATALOG_GENERATE_SYMBOLS = NO;
				SUPPORTED_PLATFORMS = "iphoneos iphonesimulator macosx xros xrsimulator";
				SWIFT_APPROACHABLE_CONCURRENCY = YES;
				SWIFT_EMIT_LOC_STRINGS = NO;
				SWIFT_UPCOMING_FEATURE_MEMBER_IMPORT_VISIBILITY = YES;
				SWIFT_VERSION = 5.0;
				TARGETED_DEVICE_FAMILY = "1,2,7";
				TEST_TARGET_NAME = BudgetApp;
				XROS_DEPLOYMENT_TARGET = 26.0;
			};
			name = Staging;
		};
		19EFA7912EAE7ACA000B2CD3 /* Debug */ = {
			isa = XCBuildConfiguration;
			baseConfigurationReference = 195F71432ECC08D400B8D6AD /* Debug.xcconfig */;
			buildSettings = {
				ALWAYS_SEARCH_USER_PATHS = NO;
				ASSETCATALOG_COMPILER_GENERATE_SWIFT_ASSET_SYMBOL_EXTENSIONS = YES;
				CLANG_ANALYZER_NONNULL = YES;
				CLANG_ANALYZER_NUMBER_OBJECT_CONVERSION = YES_AGGRESSIVE;
				CLANG_CXX_LANGUAGE_STANDARD = "gnu++20";
				CLANG_ENABLE_MODULES = YES;
				CLANG_ENABLE_OBJC_ARC = YES;
				CLANG_ENABLE_OBJC_WEAK = YES;
				CLANG_WARN_BLOCK_CAPTURE_AUTORELEASING = YES;
				CLANG_WARN_BOOL_CONVERSION = YES;
				CLANG_WARN_COMMA = YES;
				CLANG_WARN_CONSTANT_CONVERSION = YES;
				CLANG_WARN_DEPRECATED_OBJC_IMPLEMENTATIONS = YES;
				CLANG_WARN_DIRECT_OBJC_ISA_USAGE = YES_ERROR;
				CLANG_WARN_DOCUMENTATION_COMMENTS = YES;
				CLANG_WARN_EMPTY_BODY = YES;
				CLANG_WARN_ENUM_CONVERSION = YES;
				CLANG_WARN_INFINITE_RECURSION = YES;
				CLANG_WARN_INT_CONVERSION = YES;
				CLANG_WARN_NON_LITERAL_NULL_CONVERSION = YES;
				CLANG_WARN_OBJC_IMPLICIT_RETAIN_SELF = YES;
				CLANG_WARN_OBJC_LITERAL_CONVERSION = YES;
				CLANG_WARN_OBJC_ROOT_CLASS = YES_ERROR;
				CLANG_WARN_QUOTED_INCLUDE_IN_FRAMEWORK_HEADER = YES;
				CLANG_WARN_RANGE_LOOP_ANALYSIS = YES;
				CLANG_WARN_STRICT_PROTOTYPES = YES;
				CLANG_WARN_SUSPICIOUS_MOVE = YES;
				CLANG_WARN_UNGUARDED_AVAILABILITY = YES_AGGRESSIVE;
				CLANG_WARN_UNREACHABLE_CODE = YES;
				CLANG_WARN__DUPLICATE_METHOD_MATCH = YES;
				COPY_PHASE_STRIP = NO;
				DEBUG_INFORMATION_FORMAT = dwarf;
				ENABLE_STRICT_OBJC_MSGSEND = YES;
				ENABLE_TESTABILITY = YES;
				ENABLE_USER_SCRIPT_SANDBOXING = YES;
				GCC_C_LANGUAGE_STANDARD = gnu17;
				GCC_DYNAMIC_NO_PIC = NO;
				GCC_NO_COMMON_BLOCKS = YES;
				GCC_OPTIMIZATION_LEVEL = 0;
				GCC_PREPROCESSOR_DEFINITIONS = (
					"DEBUG=1",
					"$(inherited)",
				);
				GCC_WARN_64_TO_32_BIT_CONVERSION = YES;
				GCC_WARN_ABOUT_RETURN_TYPE = YES_ERROR;
				GCC_WARN_UNDECLARED_SELECTOR = YES;
				GCC_WARN_UNINITIALIZED_AUTOS = YES_AGGRESSIVE;
				GCC_WARN_UNUSED_FUNCTION = YES;
				GCC_WARN_UNUSED_VARIABLE = YES;
				LOCALIZATION_PREFERS_STRING_CATALOGS = YES;
				MTL_ENABLE_DEBUG_INFO = INCLUDE_SOURCE;
				MTL_FAST_MATH = YES;
				ONLY_ACTIVE_ARCH = YES;
				SWIFT_ACTIVE_COMPILATION_CONDITIONS = "DEBUG $(inherited)";
				SWIFT_OPTIMIZATION_LEVEL = "-Onone";
			};
			name = Debug;
		};
		19EFA7922EAE7ACA000B2CD3 /* Release */ = {
			isa = XCBuildConfiguration;
			baseConfigurationReference = 195F71452ECC08E800B8D6AD /* Release.xcconfig */;
			buildSettings = {
				ALWAYS_SEARCH_USER_PATHS = NO;
				ASSETCATALOG_COMPILER_GENERATE_SWIFT_ASSET_SYMBOL_EXTENSIONS = YES;
				CLANG_ANALYZER_NONNULL = YES;
				CLANG_ANALYZER_NUMBER_OBJECT_CONVERSION = YES_AGGRESSIVE;
				CLANG_CXX_LANGUAGE_STANDARD = "gnu++20";
				CLANG_ENABLE_MODULES = YES;
				CLANG_ENABLE_OBJC_ARC = YES;
				CLANG_ENABLE_OBJC_WEAK = YES;
				CLANG_WARN_BLOCK_CAPTURE_AUTORELEASING = YES;
				CLANG_WARN_BOOL_CONVERSION = YES;
				CLANG_WARN_COMMA = YES;
				CLANG_WARN_CONSTANT_CONVERSION = YES;
				CLANG_WARN_DEPRECATED_OBJC_IMPLEMENTATIONS = YES;
				CLANG_WARN_DIRECT_OBJC_ISA_USAGE = YES_ERROR;
				CLANG_WARN_DOCUMENTATION_COMMENTS = YES;
				CLANG_WARN_EMPTY_BODY = YES;
				CLANG_WARN_ENUM_CONVERSION = YES;
				CLANG_WARN_INFINITE_RECURSION = YES;
				CLANG_WARN_INT_CONVERSION = YES;
				CLANG_WARN_NON_LITERAL_NULL_CONVERSION = YES;
				CLANG_WARN_OBJC_IMPLICIT_RETAIN_SELF = YES;
				CLANG_WARN_OBJC_LITERAL_CONVERSION = YES;
				CLANG_WARN_OBJC_ROOT_CLASS = YES_ERROR;
				CLANG_WARN_QUOTED_INCLUDE_IN_FRAMEWORK_HEADER = YES;
				CLANG_WARN_RANGE_LOOP_ANALYSIS = YES;
				CLANG_WARN_STRICT_PROTOTYPES = YES;
				CLANG_WARN_SUSPICIOUS_MOVE = YES;
				CLANG_WARN_UNGUARDED_AVAILABILITY = YES_AGGRESSIVE;
				CLANG_WARN_UNREACHABLE_CODE = YES;
				CLANG_WARN__DUPLICATE_METHOD_MATCH = YES;
				COPY_PHASE_STRIP = NO;
				DEBUG_INFORMATION_FORMAT = "dwarf-with-dsym";
				ENABLE_NS_ASSERTIONS = NO;
				ENABLE_STRICT_OBJC_MSGSEND = YES;
				ENABLE_USER_SCRIPT_SANDBOXING = YES;
				GCC_C_LANGUAGE_STANDARD = gnu17;
				GCC_NO_COMMON_BLOCKS = YES;
				GCC_WARN_64_TO_32_BIT_CONVERSION = YES;
				GCC_WARN_ABOUT_RETURN_TYPE = YES_ERROR;
				GCC_WARN_UNDECLARED_SELECTOR = YES;
				GCC_WARN_UNINITIALIZED_AUTOS = YES_AGGRESSIVE;
				GCC_WARN_UNUSED_FUNCTION = YES;
				GCC_WARN_UNUSED_VARIABLE = YES;
				LOCALIZATION_PREFERS_STRING_CATALOGS = YES;
				MTL_ENABLE_DEBUG_INFO = NO;
				MTL_FAST_MATH = YES;
				ONLY_ACTIVE_ARCH = YES;
				SWIFT_COMPILATION_MODE = wholemodule;
			};
			name = Release;
		};
		19EFA7942EAE7ACA000B2CD3 /* Debug */ = {
			isa = XCBuildConfiguration;
			buildSettings = {
				ASSETCATALOG_COMPILER_APPICON_NAME = AppIcon;
				ASSETCATALOG_COMPILER_GLOBAL_ACCENT_COLOR_NAME = AccentColor;
				CODE_SIGN_IDENTITY = "Apple Development";
				CODE_SIGN_STYLE = Automatic;
				CURRENT_PROJECT_VERSION = 1;
				DEVELOPMENT_TEAM = VW8ZPF8L9T;
				ENABLE_APP_SANDBOX = YES;
				ENABLE_PREVIEWS = YES;
				ENABLE_USER_SELECTED_FILES = readonly;
				GENERATE_INFOPLIST_FILE = YES;
				INFOPLIST_FILE = BudgetApp/Info.plist;
				"INFOPLIST_KEY_UIApplicationSceneManifest_Generation[sdk=iphoneos*]" = YES;
				"INFOPLIST_KEY_UIApplicationSceneManifest_Generation[sdk=iphonesimulator*]" = YES;
				"INFOPLIST_KEY_UIApplicationSupportsIndirectInputEvents[sdk=iphoneos*]" = YES;
				"INFOPLIST_KEY_UIApplicationSupportsIndirectInputEvents[sdk=iphonesimulator*]" = YES;
				"INFOPLIST_KEY_UILaunchScreen_Generation[sdk=iphoneos*]" = YES;
				"INFOPLIST_KEY_UILaunchScreen_Generation[sdk=iphonesimulator*]" = YES;
				"INFOPLIST_KEY_UIStatusBarStyle[sdk=iphoneos*]" = UIStatusBarStyleDefault;
				"INFOPLIST_KEY_UIStatusBarStyle[sdk=iphonesimulator*]" = UIStatusBarStyleDefault;
				INFOPLIST_KEY_UISupportedInterfaceOrientations_iPad = "UIInterfaceOrientationPortrait UIInterfaceOrientationPortraitUpsideDown UIInterfaceOrientationLandscapeLeft UIInterfaceOrientationLandscapeRight";
				INFOPLIST_KEY_UISupportedInterfaceOrientations_iPhone = "UIInterfaceOrientationPortrait UIInterfaceOrientationLandscapeLeft UIInterfaceOrientationLandscapeRight";
				IPHONEOS_DEPLOYMENT_TARGET = 26.0;
				LD_RUNPATH_SEARCH_PATHS = "@executable_path/Frameworks";
				"LD_RUNPATH_SEARCH_PATHS[sdk=macosx*]" = "@executable_path/../Frameworks";
				MACOSX_DEPLOYMENT_TARGET = 15.7;
				MARKETING_VERSION = 1.0;
				PRODUCT_BUNDLE_IDENTIFIER = com.shawnyu.BudgetApp;
				PRODUCT_NAME = "$(TARGET_NAME)";
				PROVISIONING_PROFILE_SPECIFIER = "";
				REGISTER_APP_GROUPS = YES;
				SDKROOT = auto;
				STRING_CATALOG_GENERATE_SYMBOLS = YES;
				SUPPORTED_PLATFORMS = "iphoneos iphonesimulator macosx xros xrsimulator";
				SWIFT_APPROACHABLE_CONCURRENCY = NO;
				SWIFT_DEFAULT_ACTOR_ISOLATION = nonisolated;
				SWIFT_EMIT_LOC_STRINGS = YES;
				SWIFT_UPCOMING_FEATURE_MEMBER_IMPORT_VISIBILITY = YES;
				SWIFT_VERSION = 5.0;
				TARGETED_DEVICE_FAMILY = "1,2,7";
				XROS_DEPLOYMENT_TARGET = 26.0;
			};
			name = Debug;
		};
		19EFA7952EAE7ACA000B2CD3 /* Release */ = {
			isa = XCBuildConfiguration;
			buildSettings = {
				ASSETCATALOG_COMPILER_APPICON_NAME = AppIcon;
				ASSETCATALOG_COMPILER_GLOBAL_ACCENT_COLOR_NAME = AccentColor;
				CODE_SIGN_IDENTITY = "Apple Development";
				"CODE_SIGN_IDENTITY[sdk=macosx*]" = "Apple Development";
				CODE_SIGN_STYLE = Automatic;
				CURRENT_PROJECT_VERSION = 1;
				DEVELOPMENT_TEAM = VW8ZPF8L9T;
				ENABLE_APP_SANDBOX = YES;
				ENABLE_PREVIEWS = YES;
				ENABLE_USER_SELECTED_FILES = readonly;
				GENERATE_INFOPLIST_FILE = YES;
				INFOPLIST_FILE = BudgetApp/Info.plist;
				"INFOPLIST_KEY_UIApplicationSceneManifest_Generation[sdk=iphoneos*]" = YES;
				"INFOPLIST_KEY_UIApplicationSceneManifest_Generation[sdk=iphonesimulator*]" = YES;
				"INFOPLIST_KEY_UIApplicationSupportsIndirectInputEvents[sdk=iphoneos*]" = YES;
				"INFOPLIST_KEY_UIApplicationSupportsIndirectInputEvents[sdk=iphonesimulator*]" = YES;
				"INFOPLIST_KEY_UILaunchScreen_Generation[sdk=iphoneos*]" = YES;
				"INFOPLIST_KEY_UILaunchScreen_Generation[sdk=iphonesimulator*]" = YES;
				"INFOPLIST_KEY_UIStatusBarStyle[sdk=iphoneos*]" = UIStatusBarStyleDefault;
				"INFOPLIST_KEY_UIStatusBarStyle[sdk=iphonesimulator*]" = UIStatusBarStyleDefault;
				INFOPLIST_KEY_UISupportedInterfaceOrientations_iPad = "UIInterfaceOrientationPortrait UIInterfaceOrientationPortraitUpsideDown UIInterfaceOrientationLandscapeLeft UIInterfaceOrientationLandscapeRight";
				INFOPLIST_KEY_UISupportedInterfaceOrientations_iPhone = "UIInterfaceOrientationPortrait UIInterfaceOrientationLandscapeLeft UIInterfaceOrientationLandscapeRight";
				IPHONEOS_DEPLOYMENT_TARGET = 26.0;
				LD_RUNPATH_SEARCH_PATHS = "@executable_path/Frameworks";
				"LD_RUNPATH_SEARCH_PATHS[sdk=macosx*]" = "@executable_path/../Frameworks";
				MACOSX_DEPLOYMENT_TARGET = 15.7;
				MARKETING_VERSION = 1.0;
				PRODUCT_BUNDLE_IDENTIFIER = com.shawnyu.BudgetApp;
				PRODUCT_NAME = "$(TARGET_NAME)";
				PROVISIONING_PROFILE_SPECIFIER = "";
				REGISTER_APP_GROUPS = YES;
				SDKROOT = auto;
				STRING_CATALOG_GENERATE_SYMBOLS = YES;
				SUPPORTED_PLATFORMS = "iphoneos iphonesimulator macosx xros xrsimulator";
				SWIFT_APPROACHABLE_CONCURRENCY = NO;
				SWIFT_DEFAULT_ACTOR_ISOLATION = nonisolated;
				SWIFT_EMIT_LOC_STRINGS = YES;
				SWIFT_UPCOMING_FEATURE_MEMBER_IMPORT_VISIBILITY = YES;
				SWIFT_VERSION = 5.0;
				TARGETED_DEVICE_FAMILY = "1,2,7";
				XROS_DEPLOYMENT_TARGET = 26.0;
			};
			name = Release;
		};
		19EFA7972EAE7ACA000B2CD3 /* Debug */ = {
			isa = XCBuildConfiguration;
			buildSettings = {
				BUNDLE_LOADER = "$(TEST_HOST)";
				CODE_SIGN_STYLE = Automatic;
				CURRENT_PROJECT_VERSION = 1;
				GENERATE_INFOPLIST_FILE = YES;
				IPHONEOS_DEPLOYMENT_TARGET = 26.0;
				MACOSX_DEPLOYMENT_TARGET = 15.7;
				MARKETING_VERSION = 1.0;
				PRODUCT_BUNDLE_IDENTIFIER = com.shawnyu.BudgetAppTests;
				PRODUCT_NAME = "$(TARGET_NAME)";
				SDKROOT = auto;
				STRING_CATALOG_GENERATE_SYMBOLS = NO;
				SUPPORTED_PLATFORMS = "iphoneos iphonesimulator macosx xros xrsimulator";
				SWIFT_APPROACHABLE_CONCURRENCY = YES;
				SWIFT_EMIT_LOC_STRINGS = NO;
				SWIFT_UPCOMING_FEATURE_MEMBER_IMPORT_VISIBILITY = YES;
				SWIFT_VERSION = 5.0;
				TARGETED_DEVICE_FAMILY = "1,2,7";
				TEST_HOST = "$(BUILT_PRODUCTS_DIR)/BudgetApp.app/$(BUNDLE_EXECUTABLE_FOLDER_PATH)/BudgetApp";
				XROS_DEPLOYMENT_TARGET = 26.0;
			};
			name = Debug;
		};
		19EFA7982EAE7ACA000B2CD3 /* Release */ = {
			isa = XCBuildConfiguration;
			buildSettings = {
				BUNDLE_LOADER = "$(TEST_HOST)";
				CODE_SIGN_STYLE = Automatic;
				CURRENT_PROJECT_VERSION = 1;
				GENERATE_INFOPLIST_FILE = YES;
				IPHONEOS_DEPLOYMENT_TARGET = 26.0;
				MACOSX_DEPLOYMENT_TARGET = 15.7;
				MARKETING_VERSION = 1.0;
				PRODUCT_BUNDLE_IDENTIFIER = com.shawnyu.BudgetAppTests;
				PRODUCT_NAME = "$(TARGET_NAME)";
				SDKROOT = auto;
				STRING_CATALOG_GENERATE_SYMBOLS = NO;
				SUPPORTED_PLATFORMS = "iphoneos iphonesimulator macosx xros xrsimulator";
				SWIFT_APPROACHABLE_CONCURRENCY = YES;
				SWIFT_EMIT_LOC_STRINGS = NO;
				SWIFT_UPCOMING_FEATURE_MEMBER_IMPORT_VISIBILITY = YES;
				SWIFT_VERSION = 5.0;
				TARGETED_DEVICE_FAMILY = "1,2,7";
				TEST_HOST = "$(BUILT_PRODUCTS_DIR)/BudgetApp.app/$(BUNDLE_EXECUTABLE_FOLDER_PATH)/BudgetApp";
				XROS_DEPLOYMENT_TARGET = 26.0;
			};
			name = Release;
		};
		19EFA79A2EAE7ACA000B2CD3 /* Debug */ = {
			isa = XCBuildConfiguration;
			buildSettings = {
				CODE_SIGN_STYLE = Automatic;
				CURRENT_PROJECT_VERSION = 1;
				GENERATE_INFOPLIST_FILE = YES;
				IPHONEOS_DEPLOYMENT_TARGET = 26.0;
				MACOSX_DEPLOYMENT_TARGET = 15.7;
				MARKETING_VERSION = 1.0;
				PRODUCT_BUNDLE_IDENTIFIER = com.shawnyu.BudgetAppUITests;
				PRODUCT_NAME = "$(TARGET_NAME)";
				SDKROOT = auto;
				STRING_CATALOG_GENERATE_SYMBOLS = NO;
				SUPPORTED_PLATFORMS = "iphoneos iphonesimulator macosx xros xrsimulator";
				SWIFT_APPROACHABLE_CONCURRENCY = YES;
				SWIFT_EMIT_LOC_STRINGS = NO;
				SWIFT_UPCOMING_FEATURE_MEMBER_IMPORT_VISIBILITY = YES;
				SWIFT_VERSION = 5.0;
				TARGETED_DEVICE_FAMILY = "1,2,7";
				TEST_TARGET_NAME = BudgetApp;
				XROS_DEPLOYMENT_TARGET = 26.0;
			};
			name = Debug;
		};
		19EFA79B2EAE7ACA000B2CD3 /* Release */ = {
			isa = XCBuildConfiguration;
			buildSettings = {
				CODE_SIGN_STYLE = Automatic;
				CURRENT_PROJECT_VERSION = 1;
				GENERATE_INFOPLIST_FILE = YES;
				IPHONEOS_DEPLOYMENT_TARGET = 26.0;
				MACOSX_DEPLOYMENT_TARGET = 15.7;
				MARKETING_VERSION = 1.0;
				PRODUCT_BUNDLE_IDENTIFIER = com.shawnyu.BudgetAppUITests;
				PRODUCT_NAME = "$(TARGET_NAME)";
				SDKROOT = auto;
				STRING_CATALOG_GENERATE_SYMBOLS = NO;
				SUPPORTED_PLATFORMS = "iphoneos iphonesimulator macosx xros xrsimulator";
				SWIFT_APPROACHABLE_CONCURRENCY = YES;
				SWIFT_EMIT_LOC_STRINGS = NO;
				SWIFT_UPCOMING_FEATURE_MEMBER_IMPORT_VISIBILITY = YES;
				SWIFT_VERSION = 5.0;
				TARGETED_DEVICE_FAMILY = "1,2,7";
				TEST_TARGET_NAME = BudgetApp;
				XROS_DEPLOYMENT_TARGET = 26.0;
			};
			name = Release;
		};
/* End XCBuildConfiguration section */

/* Begin XCConfigurationList section */
		19EFA76B2EAE7AC9000B2CD3 /* Build configuration list for PBXProject "BudgetApp" */ = {
			isa = XCConfigurationList;
			buildConfigurations = (
				19EFA7912EAE7ACA000B2CD3 /* Debug */,
				1908CA572EDA93B8001913F0 /* Staging */,
				19EFA7922EAE7ACA000B2CD3 /* Release */,
			);
			defaultConfigurationIsVisible = 0;
			defaultConfigurationName = Debug;
		};
		19EFA7932EAE7ACA000B2CD3 /* Build configuration list for PBXNativeTarget "BudgetApp" */ = {
			isa = XCConfigurationList;
			buildConfigurations = (
				19EFA7942EAE7ACA000B2CD3 /* Debug */,
				1908CA582EDA93B8001913F0 /* Staging */,
				19EFA7952EAE7ACA000B2CD3 /* Release */,
			);
			defaultConfigurationIsVisible = 0;
			defaultConfigurationName = Debug;
		};
		19EFA7962EAE7ACA000B2CD3 /* Build configuration list for PBXNativeTarget "BudgetAppTests" */ = {
			isa = XCConfigurationList;
			buildConfigurations = (
				19EFA7972EAE7ACA000B2CD3 /* Debug */,
				1908CA592EDA93B8001913F0 /* Staging */,
				19EFA7982EAE7ACA000B2CD3 /* Release */,
			);
			defaultConfigurationIsVisible = 0;
			defaultConfigurationName = Debug;
		};
		19EFA7992EAE7ACA000B2CD3 /* Build configuration list for PBXNativeTarget "BudgetAppUITests" */ = {
			isa = XCConfigurationList;
			buildConfigurations = (
				19EFA79A2EAE7ACA000B2CD3 /* Debug */,
				1908CA5A2EDA93B8001913F0 /* Staging */,
				19EFA79B2EAE7ACA000B2CD3 /* Release */,
			);
			defaultConfigurationIsVisible = 0;
			defaultConfigurationName = Debug;
		};
/* End XCConfigurationList section */

/* Begin XCRemoteSwiftPackageReference section */
		1930EFBF2ECD58AC001F1964 /* XCRemoteSwiftPackageReference "KeychainAccess" */ = {
			isa = XCRemoteSwiftPackageReference;
			repositoryURL = "https://github.com/kishikawakatsumi/KeychainAccess?utm_source=chatgpt.com";
			requirement = {
				branch = master;
				kind = branch;
			};
		};
		197F98342EAF020D0091C276 /* XCRemoteSwiftPackageReference "apollo-ios" */ = {
			isa = XCRemoteSwiftPackageReference;
			repositoryURL = "https://github.com/apollographql/apollo-ios.git";
			requirement = {
				kind = upToNextMajorVersion;
				minimumVersion = 2.0.2;
			};
		};
		19DEC5562ECEB3ED00C8E13F /* XCRemoteSwiftPackageReference "swift-log" */ = {
			isa = XCRemoteSwiftPackageReference;
			repositoryURL = "https://github.com/apple/swift-log";
			requirement = {
				kind = upToNextMajorVersion;
				minimumVersion = 1.6.4;
			};
		};
		19DEC6972ECFD90A00C8E13F /* XCRemoteSwiftPackageReference "swift-openapi-generator" */ = {
			isa = XCRemoteSwiftPackageReference;
			repositoryURL = "https://github.com/apple/swift-openapi-generator";
			requirement = {
				kind = upToNextMajorVersion;
				minimumVersion = 1.10.3;
			};
		};
		19DEC6982ECFD97B00C8E13F /* XCRemoteSwiftPackageReference "swift-openapi-runtime" */ = {
			isa = XCRemoteSwiftPackageReference;
			repositoryURL = "https://github.com/apple/swift-openapi-runtime";
			requirement = {
				kind = upToNextMajorVersion;
				minimumVersion = 1.8.3;
			};
		};
		19DEC6992ECFD9BE00C8E13F /* XCRemoteSwiftPackageReference "swift-openapi-urlsession" */ = {
			isa = XCRemoteSwiftPackageReference;
			repositoryURL = "https://github.com/apple/swift-openapi-urlsession";
			requirement = {
				kind = upToNextMajorVersion;
				minimumVersion = 1.2.0;
			};
		};
/* End XCRemoteSwiftPackageReference section */

/* Begin XCSwiftPackageProductDependency section */
		1930EFC02ECD58AC001F1964 /* KeychainAccess */ = {
			isa = XCSwiftPackageProductDependency;
			package = 1930EFBF2ECD58AC001F1964 /* XCRemoteSwiftPackageReference "KeychainAccess" */;
			productName = KeychainAccess;
		};
		197F98352EAF020D0091C276 /* Apollo */ = {
			isa = XCSwiftPackageProductDependency;
			package = 197F98342EAF020D0091C276 /* XCRemoteSwiftPackageReference "apollo-ios" */;
			productName = Apollo;
		};
		19DEC5572ECEB3ED00C8E13F /* Logging */ = {
			isa = XCSwiftPackageProductDependency;
			package = 19DEC5562ECEB3ED00C8E13F /* XCRemoteSwiftPackageReference "swift-log" */;
			productName = Logging;
		};
		19DEC69A2ECFDA1B00C8E13F /* OpenAPIRuntime */ = {
			isa = XCSwiftPackageProductDependency;
			package = 19DEC6982ECFD97B00C8E13F /* XCRemoteSwiftPackageReference "swift-openapi-runtime" */;
			productName = OpenAPIRuntime;
		};
		19DEC69C2ECFDA2700C8E13F /* OpenAPIURLSession */ = {
			isa = XCSwiftPackageProductDependency;
			package = 19DEC6992ECFD9BE00C8E13F /* XCRemoteSwiftPackageReference "swift-openapi-urlsession" */;
			productName = OpenAPIURLSession;
		};
		19DEC69E2ECFDAAA00C8E13F /* OpenAPIGenerator */ = {
			isa = XCSwiftPackageProductDependency;
			package = 19DEC6972ECFD90A00C8E13F /* XCRemoteSwiftPackageReference "swift-openapi-generator" */;
			productName = "plugin:OpenAPIGenerator";
		};
/* End XCSwiftPackageProductDependency section */
	};
	rootObject = 19EFA7682EAE7AC9000B2CD3 /* Project object */;
}
